{
    "_readme": [
        "This file locks the dependencies of your project to a known state",
        "Read more about it at https://getcomposer.org/doc/01-basic-usage.md#installing-dependencies",
        "This file is @generated automatically"
    ],
    "content-hash": "7702f23510d62e21e594c6a1f17f1f78",
    "packages": [
        {
            "name": "kint-php/kint",
            "version": "3.3",
            "source": {
                "type": "git",
                "url": "https://github.com/kint-php/kint.git",
                "reference": "335ac1bcaf04d87df70d8aa51e8887ba2c6d203b"
            },
            "dist": {
                "type": "zip",
                "url": "https://api.github.com/repos/kint-php/kint/zipball/335ac1bcaf04d87df70d8aa51e8887ba2c6d203b",
                "reference": "335ac1bcaf04d87df70d8aa51e8887ba2c6d203b",
                "shasum": ""
            },
            "require": {
                "php": ">=5.3.6"
            },
            "require-dev": {
                "friendsofphp/php-cs-fixer": "^2.0",
                "phpunit/phpunit": "^4.0",
                "seld/phar-utils": "^1.0",
                "symfony/finder": "^2.0 || ^3.0 || ^4.0",
                "vimeo/psalm": "^3.0"
            },
            "suggest": {
                "ext-ctype": "Simple data type tests",
                "ext-iconv": "Provides fallback detection for ambiguous legacy string encodings such as the Windows and ISO 8859 code pages",
                "ext-mbstring": "Provides string encoding detection",
                "kint-php/kint-js": "Provides a simplified dump to console.log()",
                "kint-php/kint-twig": "Provides d() and s() functions in twig templates",
                "symfony/polyfill-ctype": "Replacement for ext-ctype if missing",
                "symfony/polyfill-iconv": "Replacement for ext-iconv if missing",
                "symfony/polyfill-mbstring": "Replacement for ext-mbstring if missing"
            },
            "type": "library",
            "autoload": {
                "files": [
                    "init.php"
                ],
                "psr-4": {
                    "Kint\\": "src/"
                }
            },
            "notification-url": "https://packagist.org/downloads/",
            "license": [
                "MIT"
            ],
            "authors": [
                {
                    "name": "Jonathan Vollebregt",
                    "homepage": "https://github.com/jnvsor"
                },
                {
                    "name": "Rokas Šleinius",
                    "homepage": "https://github.com/raveren"
                },
                {
                    "name": "Contributors",
                    "homepage": "https://github.com/kint-php/kint/graphs/contributors"
                }
            ],
            "description": "Kint - debugging tool for PHP developers",
            "homepage": "https://kint-php.github.io/kint/",
            "keywords": [
                "debug",
                "kint",
                "php"
            ],
            "support": {
                "issues": "https://github.com/kint-php/kint/issues",
                "source": "https://github.com/kint-php/kint/tree/master"
            },
            "time": "2019-10-17T18:05:24+00:00"
        },
        {
            "name": "laminas/laminas-escaper",
            "version": "2.7.0",
            "source": {
                "type": "git",
                "url": "https://github.com/laminas/laminas-escaper.git",
                "reference": "5e04bc5ae5990b17159d79d331055e2c645e5cc5"
            },
            "dist": {
                "type": "zip",
                "url": "https://api.github.com/repos/laminas/laminas-escaper/zipball/5e04bc5ae5990b17159d79d331055e2c645e5cc5",
                "reference": "5e04bc5ae5990b17159d79d331055e2c645e5cc5",
                "shasum": ""
            },
            "require": {
                "laminas/laminas-zendframework-bridge": "^1.0",
                "php": "^7.3 || ~8.0.0"
            },
            "replace": {
                "zendframework/zend-escaper": "^2.6.1"
            },
            "require-dev": {
                "laminas/laminas-coding-standard": "~1.0.0",
                "phpunit/phpunit": "^9.3",
                "psalm/plugin-phpunit": "^0.12.2",
                "vimeo/psalm": "^3.16"
            },
            "suggest": {
                "ext-iconv": "*",
                "ext-mbstring": "*"
            },
            "type": "library",
            "autoload": {
                "psr-4": {
                    "Laminas\\Escaper\\": "src/"
                }
            },
            "notification-url": "https://packagist.org/downloads/",
            "license": [
                "BSD-3-Clause"
            ],
            "description": "Securely and safely escape HTML, HTML attributes, JavaScript, CSS, and URLs",
            "homepage": "https://laminas.dev",
            "keywords": [
                "escaper",
                "laminas"
            ],
            "support": {
                "chat": "https://laminas.dev/chat",
                "docs": "https://docs.laminas.dev/laminas-escaper/",
                "forum": "https://discourse.laminas.dev",
                "issues": "https://github.com/laminas/laminas-escaper/issues",
                "rss": "https://github.com/laminas/laminas-escaper/releases.atom",
                "source": "https://github.com/laminas/laminas-escaper"
            },
            "funding": [
                {
                    "url": "https://funding.communitybridge.org/projects/laminas-project",
                    "type": "community_bridge"
                }
            ],
            "time": "2020-11-17T21:26:43+00:00"
        },
        {
            "name": "laminas/laminas-zendframework-bridge",
            "version": "1.1.1",
            "source": {
                "type": "git",
                "url": "https://github.com/laminas/laminas-zendframework-bridge.git",
                "reference": "6ede70583e101030bcace4dcddd648f760ddf642"
            },
            "dist": {
                "type": "zip",
                "url": "https://api.github.com/repos/laminas/laminas-zendframework-bridge/zipball/6ede70583e101030bcace4dcddd648f760ddf642",
                "reference": "6ede70583e101030bcace4dcddd648f760ddf642",
                "shasum": ""
            },
            "require": {
                "php": "^5.6 || ^7.0 || ^8.0"
            },
            "require-dev": {
                "phpunit/phpunit": "^5.7 || ^6.5 || ^7.5 || ^8.1 || ^9.3",
                "squizlabs/php_codesniffer": "^3.5"
            },
            "type": "library",
            "extra": {
                "laminas": {
                    "module": "Laminas\\ZendFrameworkBridge"
                }
            },
            "autoload": {
                "files": [
                    "src/autoload.php"
                ],
                "psr-4": {
                    "Laminas\\ZendFrameworkBridge\\": "src//"
                }
            },
            "notification-url": "https://packagist.org/downloads/",
            "license": [
                "BSD-3-Clause"
            ],
            "description": "Alias legacy ZF class names to Laminas Project equivalents.",
            "keywords": [
                "ZendFramework",
                "autoloading",
                "laminas",
                "zf"
            ],
            "support": {
                "forum": "https://discourse.laminas.dev/",
                "issues": "https://github.com/laminas/laminas-zendframework-bridge/issues",
                "rss": "https://github.com/laminas/laminas-zendframework-bridge/releases.atom",
                "source": "https://github.com/laminas/laminas-zendframework-bridge"
            },
            "funding": [
                {
                    "url": "https://funding.communitybridge.org/projects/laminas-project",
                    "type": "community_bridge"
                }
            ],
            "time": "2020-09-14T14:23:00+00:00"
        },
        {
            "name": "psr/log",
            "version": "1.1.3",
            "source": {
                "type": "git",
                "url": "https://github.com/php-fig/log.git",
                "reference": "0f73288fd15629204f9d42b7055f72dacbe811fc"
            },
            "dist": {
                "type": "zip",
                "url": "https://api.github.com/repos/php-fig/log/zipball/0f73288fd15629204f9d42b7055f72dacbe811fc",
                "reference": "0f73288fd15629204f9d42b7055f72dacbe811fc",
                "shasum": ""
            },
            "require": {
                "php": ">=5.3.0"
            },
            "type": "library",
            "extra": {
                "branch-alias": {
                    "dev-master": "1.1.x-dev"
                }
            },
            "autoload": {
                "psr-4": {
                    "Psr\\Log\\": "Psr/Log/"
                }
            },
            "notification-url": "https://packagist.org/downloads/",
            "license": [
                "MIT"
            ],
            "authors": [
                {
                    "name": "PHP-FIG",
                    "homepage": "http://www.php-fig.org/"
                }
            ],
            "description": "Common interface for logging libraries",
            "homepage": "https://github.com/php-fig/log",
            "keywords": [
                "log",
                "psr",
                "psr-3"
            ],
            "support": {
                "source": "https://github.com/php-fig/log/tree/1.1.3"
            },
            "time": "2020-03-23T09:12:05+00:00"
        }
    ],
    "packages-dev": [
        {
            "name": "codeigniter4/codeigniter4-standard",
            "version": "1.0.1",
            "source": {
                "type": "git",
                "url": "https://github.com/bcit-ci/CodeIgniter4-Standard.git",
                "reference": "4fd1f9c78803bc7f20126729cced63c7e623946d"
            },
            "dist": {
                "type": "zip",
                "url": "https://api.github.com/repos/bcit-ci/CodeIgniter4-Standard/zipball/4fd1f9c78803bc7f20126729cced63c7e623946d",
                "reference": "4fd1f9c78803bc7f20126729cced63c7e623946d",
                "shasum": ""
            },
            "require-dev": {
                "phpunit/phpunit": "^6.5",
                "satooshi/php-coveralls": "^1.0",
                "squizlabs/php_codesniffer": "^3.1"
            },
            "type": "library",
            "notification-url": "https://packagist.org/downloads/",
            "license": [
                "MIT"
            ],
            "authors": [
                {
                    "name": "Louis Linehan",
                    "email": "louis.linehan@gmail.com",
                    "homepage": "https://github.com/louisl",
                    "role": "Developer"
                }
            ],
            "description": "CodeIgniter 4 Standard for PHP_CodeSniffer 3.",
            "support": {
                "issues": "https://github.com/bcit-ci/CodeIgniter4-Standard/issues",
                "source": "https://github.com/bcit-ci/CodeIgniter4-Standard/tree/master"
            },
            "time": "2017-12-12T08:31:33+00:00"
        },
        {
            "name": "mikey179/vfsstream",
            "version": "v1.6.8",
            "source": {
                "type": "git",
                "url": "https://github.com/bovigo/vfsStream.git",
                "reference": "231c73783ebb7dd9ec77916c10037eff5a2b6efe"
            },
            "dist": {
                "type": "zip",
                "url": "https://api.github.com/repos/bovigo/vfsStream/zipball/231c73783ebb7dd9ec77916c10037eff5a2b6efe",
                "reference": "231c73783ebb7dd9ec77916c10037eff5a2b6efe",
                "shasum": ""
            },
            "require": {
                "php": ">=5.3.0"
            },
            "require-dev": {
                "phpunit/phpunit": "^4.5|^5.0"
            },
            "type": "library",
            "extra": {
                "branch-alias": {
                    "dev-master": "1.6.x-dev"
                }
            },
            "autoload": {
                "psr-0": {
                    "org\\bovigo\\vfs\\": "src/main/php"
                }
            },
            "notification-url": "https://packagist.org/downloads/",
            "license": [
                "BSD-3-Clause"
            ],
            "authors": [
                {
                    "name": "Frank Kleine",
                    "homepage": "http://frankkleine.de/",
                    "role": "Developer"
                }
            ],
            "description": "Virtual file system to mock the real file system in unit tests.",
            "homepage": "http://vfs.bovigo.org/",
            "support": {
                "issues": "https://github.com/bovigo/vfsStream/issues",
                "source": "https://github.com/bovigo/vfsStream/tree/master",
                "wiki": "https://github.com/bovigo/vfsStream/wiki"
            },
            "time": "2019-10-30T15:31:00+00:00"
        },
        {
            "name": "predis/predis",
            "version": "v1.1.6",
            "source": {
                "type": "git",
                "url": "https://github.com/predis/predis.git",
                "reference": "9930e933c67446962997b05201c69c2319bf26de"
            },
            "dist": {
                "type": "zip",
                "url": "https://api.github.com/repos/predis/predis/zipball/9930e933c67446962997b05201c69c2319bf26de",
                "reference": "9930e933c67446962997b05201c69c2319bf26de",
                "shasum": ""
            },
            "require": {
                "php": ">=5.3.9"
            },
            "require-dev": {
                "cweagans/composer-patches": "^1.6",
                "phpunit/phpunit": "~4.8"
            },
            "suggest": {
                "ext-curl": "Allows access to Webdis when paired with phpiredis",
                "ext-phpiredis": "Allows faster serialization and deserialization of the Redis protocol"
            },
            "type": "library",
            "extra": {
                "composer-exit-on-patch-failure": true,
                "patches": {
                    "phpunit/phpunit-mock-objects": {
                        "Fix PHP 7 and 8 compatibility": "./tests/phpunit_mock_objects.patch"
                    },
                    "phpunit/phpunit": {
                        "Fix PHP 7 compatibility": "./tests/phpunit_php7.patch",
                        "Fix PHP 8 compatibility": "./tests/phpunit_php8.patch"
                    }
                }
            },
            "autoload": {
                "psr-4": {
                    "Predis\\": "src/"
                }
            },
            "notification-url": "https://packagist.org/downloads/",
            "license": [
                "MIT"
            ],
            "authors": [
                {
                    "name": "Daniele Alessandri",
                    "email": "suppakilla@gmail.com",
                    "homepage": "http://clorophilla.net",
                    "role": "Creator & Maintainer"
                },
                {
                    "name": "Till Krüss",
                    "homepage": "https://till.im",
                    "role": "Maintainer"
                }
            ],
            "description": "Flexible and feature-complete Redis client for PHP and HHVM",
            "homepage": "http://github.com/predis/predis",
            "keywords": [
                "nosql",
                "predis",
                "redis"
            ],
            "support": {
                "issues": "https://github.com/predis/predis/issues",
                "source": "https://github.com/predis/predis/tree/v1.1.6"
            },
            "funding": [
                {
                    "url": "https://github.com/sponsors/tillkruss",
                    "type": "github"
                }
            ],
            "time": "2020-09-11T19:18:05+00:00"
        },
        {
            "name": "squizlabs/php_codesniffer",
            "version": "3.5.8",
            "source": {
                "type": "git",
                "url": "https://github.com/squizlabs/PHP_CodeSniffer.git",
                "reference": "9d583721a7157ee997f235f327de038e7ea6dac4"
            },
            "dist": {
                "type": "zip",
                "url": "https://api.github.com/repos/squizlabs/PHP_CodeSniffer/zipball/9d583721a7157ee997f235f327de038e7ea6dac4",
                "reference": "9d583721a7157ee997f235f327de038e7ea6dac4",
                "shasum": ""
            },
            "require": {
                "ext-simplexml": "*",
                "ext-tokenizer": "*",
                "ext-xmlwriter": "*",
                "php": ">=5.4.0"
            },
            "require-dev": {
                "phpunit/phpunit": "^4.0 || ^5.0 || ^6.0 || ^7.0"
            },
            "bin": [
                "bin/phpcs",
                "bin/phpcbf"
            ],
            "type": "library",
            "extra": {
                "branch-alias": {
                    "dev-master": "3.x-dev"
                }
            },
            "notification-url": "https://packagist.org/downloads/",
            "license": [
                "BSD-3-Clause"
            ],
            "authors": [
                {
                    "name": "Greg Sherwood",
                    "role": "lead"
                }
            ],
            "description": "PHP_CodeSniffer tokenizes PHP, JavaScript and CSS files and detects violations of a defined set of coding standards.",
            "homepage": "https://github.com/squizlabs/PHP_CodeSniffer",
            "keywords": [
                "phpcs",
                "standards"
            ],
            "support": {
                "issues": "https://github.com/squizlabs/PHP_CodeSniffer/issues",
                "source": "https://github.com/squizlabs/PHP_CodeSniffer",
                "wiki": "https://github.com/squizlabs/PHP_CodeSniffer/wiki"
            },
            "time": "2020-10-23T02:01:07+00:00"
        }
    ],
    "aliases": [],
    "minimum-stability": "stable",
    "stability-flags": [],
    "prefer-stable": false,
    "prefer-lowest": false,
    "platform": {
        "php": ">=7.2",
        "ext-curl": "*",
        "ext-intl": "*",
        "ext-json": "*",
        "ext-mbstring": "*"
    },
    "platform-dev": [],
    "plugin-api-version": "2.0.0"
}
